
Microsoft Visual Studio Solution File, Format Version 12.00
# Visual Studio Version 17
VisualStudioVersion = 17.7.34024.191
MinimumVisualStudioVersion = 10.0.40219.1
Project("{FAE04EC0-301F-11D3-BF4B-00C04F79EFBC}") = "Lab_08", "Lab_08\Lab_08.csproj", "{7BB798CE-6EFB-4CC9-949A-9856F51B5773}"
EndProject
Global
	GlobalSection(SolutionConfigurationPlatforms) = preSolution
		Debug|Any CPU = Debug|Any CPU
		Release|Any CPU = Release|Any CPU
	EndGlobalSection
	GlobalSection(ProjectConfigurationPlatforms) = postSolution
		{7BB798CE-6EFB-4CC9-949A-9856F51B5773}.Debug|Any CPU.ActiveCfg = Debug|Any CPU
		{7BB798CE-6EFB-4CC9-949A-9856F51B5773}.Debug|Any CPU.Build.0 = Debug|Any CPU
		{7BB798CE-6EFB-4CC9-949A-9856F51B5773}.Release|Any CPU.ActiveCfg = Release|Any CPU
		{7BB798CE-6EFB-4CC9-949A-9856F51B5773}.Release|Any CPU.Build.0 = Release|Any CPU
	EndGlobalSection
	GlobalSection(SolutionProperties) = preSolution
		HideSolutionNode = FALSE
	EndGlobalSection
	GlobalSection(ExtensibilityGlobals) = postSolution
		SolutionGuid = {4BF8B176-3AFC-4DF0-A2BD-E198EA73CA33}
	EndGlobalSection
EndGlobal
