
Microsoft Visual Studio Solution File, Format Version 12.00
# Visual Studio Version 17
VisualStudioVersion = 17.4.33205.214
MinimumVisualStudioVersion = 10.0.40219.1
Project("{FAE04EC0-301F-11D3-BF4B-00C04F79EFBC}") = "lab_7", "lab_7\lab_7.csproj", "{D8A02BAC-C740-42E5-A756-1818003687A0}"
EndProject
Global
	GlobalSection(SolutionConfigurationPlatforms) = preSolution
		Debug|Any CPU = Debug|Any CPU
		Release|Any CPU = Release|Any CPU
	EndGlobalSection
	GlobalSection(ProjectConfigurationPlatforms) = postSolution
		{D8A02BAC-C740-42E5-A756-1818003687A0}.Debug|Any CPU.ActiveCfg = Debug|Any CPU
		{D8A02BAC-C740-42E5-A756-1818003687A0}.Debug|Any CPU.Build.0 = Debug|Any CPU
		{D8A02BAC-C740-42E5-A756-1818003687A0}.Release|Any CPU.ActiveCfg = Release|Any CPU
		{D8A02BAC-C740-42E5-A756-1818003687A0}.Release|Any CPU.Build.0 = Release|Any CPU
	EndGlobalSection
	GlobalSection(SolutionProperties) = preSolution
		HideSolutionNode = FALSE
	EndGlobalSection
	GlobalSection(ExtensibilityGlobals) = postSolution
		SolutionGuid = {268F9566-1893-4A14-95CD-CEC8CF56B46F}
	EndGlobalSection
EndGlobal
