
Microsoft Visual Studio Solution File, Format Version 12.00
# Visual Studio Version 17
VisualStudioVersion = 17.7.34024.191
MinimumVisualStudioVersion = 10.0.40219.1
Project("{FAE04EC0-301F-11D3-BF4B-00C04F79EFBC}") = "Lab_06", "Lab_06\Lab_06.csproj", "{C72B3249-272C-4151-90B5-62BABA048DAC}"
EndProject
Global
	GlobalSection(SolutionConfigurationPlatforms) = preSolution
		Debug|Any CPU = Debug|Any CPU
		Release|Any CPU = Release|Any CPU
	EndGlobalSection
	GlobalSection(ProjectConfigurationPlatforms) = postSolution
		{C72B3249-272C-4151-90B5-62BABA048DAC}.Debug|Any CPU.ActiveCfg = Debug|Any CPU
		{C72B3249-272C-4151-90B5-62BABA048DAC}.Debug|Any CPU.Build.0 = Debug|Any CPU
		{C72B3249-272C-4151-90B5-62BABA048DAC}.Release|Any CPU.ActiveCfg = Release|Any CPU
		{C72B3249-272C-4151-90B5-62BABA048DAC}.Release|Any CPU.Build.0 = Release|Any CPU
	EndGlobalSection
	GlobalSection(SolutionProperties) = preSolution
		HideSolutionNode = FALSE
	EndGlobalSection
	GlobalSection(ExtensibilityGlobals) = postSolution
		SolutionGuid = {70B0B8DD-D8BB-4D91-9DA7-8E118344BCB1}
	EndGlobalSection
EndGlobal
