
Microsoft Visual Studio Solution File, Format Version 12.00
# Visual Studio Version 17
VisualStudioVersion = 17.7.34024.191
MinimumVisualStudioVersion = 10.0.40219.1
Project("{FAE04EC0-301F-11D3-BF4B-00C04F79EFBC}") = "Lab17-18", "Lab17-18\Lab17-18.csproj", "{93CAAE18-CB83-4618-9D37-7543B2C1649F}"
EndProject
Global
	GlobalSection(SolutionConfigurationPlatforms) = preSolution
		Debug|Any CPU = Debug|Any CPU
		Release|Any CPU = Release|Any CPU
	EndGlobalSection
	GlobalSection(ProjectConfigurationPlatforms) = postSolution
		{93CAAE18-CB83-4618-9D37-7543B2C1649F}.Debug|Any CPU.ActiveCfg = Debug|Any CPU
		{93CAAE18-CB83-4618-9D37-7543B2C1649F}.Debug|Any CPU.Build.0 = Debug|Any CPU
		{93CAAE18-CB83-4618-9D37-7543B2C1649F}.Release|Any CPU.ActiveCfg = Release|Any CPU
		{93CAAE18-CB83-4618-9D37-7543B2C1649F}.Release|Any CPU.Build.0 = Release|Any CPU
	EndGlobalSection
	GlobalSection(SolutionProperties) = preSolution
		HideSolutionNode = FALSE
	EndGlobalSection
	GlobalSection(ExtensibilityGlobals) = postSolution
		SolutionGuid = {9D8D98CB-39F0-4839-BD42-C6E73631C6E7}
	EndGlobalSection
EndGlobal
