
Microsoft Visual Studio Solution File, Format Version 12.00
# Visual Studio Version 17
VisualStudioVersion = 17.4.33205.214
MinimumVisualStudioVersion = 10.0.40219.1
Project("{FAE04EC0-301F-11D3-BF4B-00C04F79EFBC}") = "OOP 1", "OOP 1\OOP 1.csproj", "{9C3F2D64-7C9F-41CB-9320-6A5DF6D6EB4D}"
EndProject
Global
	GlobalSection(SolutionConfigurationPlatforms) = preSolution
		Debug|Any CPU = Debug|Any CPU
		Release|Any CPU = Release|Any CPU
	EndGlobalSection
	GlobalSection(ProjectConfigurationPlatforms) = postSolution
		{9C3F2D64-7C9F-41CB-9320-6A5DF6D6EB4D}.Debug|Any CPU.ActiveCfg = Debug|Any CPU
		{9C3F2D64-7C9F-41CB-9320-6A5DF6D6EB4D}.Debug|Any CPU.Build.0 = Debug|Any CPU
		{9C3F2D64-7C9F-41CB-9320-6A5DF6D6EB4D}.Release|Any CPU.ActiveCfg = Release|Any CPU
		{9C3F2D64-7C9F-41CB-9320-6A5DF6D6EB4D}.Release|Any CPU.Build.0 = Release|Any CPU
	EndGlobalSection
	GlobalSection(SolutionProperties) = preSolution
		HideSolutionNode = FALSE
	EndGlobalSection
	GlobalSection(ExtensibilityGlobals) = postSolution
		SolutionGuid = {7382B30A-8F92-4016-BAA1-3D717D467C78}
	EndGlobalSection
EndGlobal
